
Microsoft Visual Studio Solution File, Format Version 12.00
# Visual Studio Version 17
VisualStudioVersion = 17.0.31903.59
MinimumVisualStudioVersion = 10.0.40219.1
Project("{2150E333-8FDC-42A3-9474-1A3956D46DE8}") = "apps", "apps", "{E6A77E0B-5E46-4926-8790-3707D26E6813}"
EndProject
Project("{FAE04EC0-301F-11D3-BF4B-00C04F79EFBC}") = "MateBank.Backend", "apps\\backend\\MateBank.Backend.csproj", "{D213A686-A089-4C0F-9659-9D17098A2056}"
EndProject
Project("{FAE04EC0-301F-11D3-BF4B-00C04F79EFBC}") = "MateBank.Frontend", "apps\\frontend\\MateBank.Frontend.csproj", "{C0800C16-E741-4B2C-88C9-0ED670C790DF}"
EndProject
Global
	GlobalSection(SolutionConfigurationPlatforms) = preSolution
		Debug|Any CPU = Debug|Any CPU
		Release|Any CPU = Release|Any CPU
	EndGlobalSection
	GlobalSection(SolutionProperties) = preSolution
		HideSolutionNode = FALSE
	EndGlobalSection
	GlobalSection(ProjectConfigurationPlatforms) = postSolution
		{D213A686-A089-4C0F-9659-9D17098A2056}.Debug|Any CPU.ActiveCfg = Debug|Any CPU
		{D213A686-A089-4C0F-9659-9D17098A2056}.Debug|Any CPU.Build.0 = Debug|Any CPU
		{D213A686-A089-4C0F-9659-9D17098A2056}.Release|Any CPU.ActiveCfg = Release|Any CPU
		{D213A686-A089-4C0F-9659-9D17098A2056}.Release|Any CPU.Build.0 = Release|Any CPU
		{C0800C16-E741-4B2C-88C9-0ED670C790DF}.Debug|Any CPU.ActiveCfg = Debug|Any CPU
		{C0800C16-E741-4B2C-88C9-0ED670C790DF}.Debug|Any CPU.Build.0 = Debug|Any CPU
		{C0800C16-E741-4B2C-88C9-0ED670C790DF}.Release|Any CPU.ActiveCfg = Release|Any CPU
		{C0800C16-E741-4B2C-88C9-0ED670C790DF}.Release|Any CPU.Build.0 = Release|Any CPU
	EndGlobalSection
	GlobalSection(NestedProjects) = preSolution
		{D213A686-A089-4C0F-9659-9D17098A2056} = {E6A77E0B-5E46-4926-8790-3707D26E6813}
		{C0800C16-E741-4B2C-88C9-0ED670C790DF} = {E6A77E0B-5E46-4926-8790-3707D26E6813}
	EndGlobalSection
EndGlobal
